
Microsoft Visual Studio Solution File, Format Version 12.00
# Visual Studio Version 18
VisualStudioVersion = 18.1.11312.151 d18.0
MinimumVisualStudioVersion = 10.0.40219.1
Project("{FAE04EC0-301F-11D3-BF4B-00C04F79EFBC}") = "ExamFlowWebApi", "ExamFlowWebApi.csproj", "{080968A3-9FE5-10AC-192D-F3FEAE067A6B}"
EndProject
Global
	GlobalSection(SolutionConfigurationPlatforms) = preSolution
		Debug|Any CPU = Debug|Any CPU
		Release|Any CPU = Release|Any CPU
	EndGlobalSection
	GlobalSection(ProjectConfigurationPlatforms) = postSolution
		{080968A3-9FE5-10AC-192D-F3FEAE067A6B}.Debug|Any CPU.ActiveCfg = Debug|Any CPU
		{080968A3-9FE5-10AC-192D-F3FEAE067A6B}.Debug|Any CPU.Build.0 = Debug|Any CPU
		{080968A3-9FE5-10AC-192D-F3FEAE067A6B}.Release|Any CPU.ActiveCfg = Release|Any CPU
		{080968A3-9FE5-10AC-192D-F3FEAE067A6B}.Release|Any CPU.Build.0 = Release|Any CPU
	EndGlobalSection
	GlobalSection(SolutionProperties) = preSolution
		HideSolutionNode = FALSE
	EndGlobalSection
	GlobalSection(ExtensibilityGlobals) = postSolution
		SolutionGuid = {8FC7296E-C10B-48B3-A610-483A0C8BE102}
	EndGlobalSection
EndGlobal
